
Microsoft Visual Studio Solution File, Format Version 12.00
# Visual Studio 15
Project("{D954291E-2A0B-460D-934E-DC6B0785DB48}") = "XamarinApp", "XamarinApp\XamarinApp.shproj", "{37D1AF80-B95B-4CB3-9A05-4661C32B30B6}"
EndProject
Project("{FAE04EC0-301F-11D3-BF4B-00C04F79EFBC}") = "XamarinApp.iOS", "iOS\XamarinApp.iOS.csproj", "{30C9DA3D-47BF-429C-8925-0F03F9DB624A}"
EndProject
Project("{FAE04EC0-301F-11D3-BF4B-00C04F79EFBC}") = "XamarinApp.Droid", "Droid\XamarinApp.Droid.csproj", "{3795555B-8DB7-4B4C-ADF8-14DB785831F9}"
EndProject
Global
	GlobalSection(SolutionConfigurationPlatforms) = preSolution
		Debug|iPhoneSimulator = Debug|iPhoneSimulator
		Release|iPhone = Release|iPhone
		Release|iPhoneSimulator = Release|iPhoneSimulator
		Debug|iPhone = Debug|iPhone
		Debug|Any CPU = Debug|Any CPU
		Release|Any CPU = Release|Any CPU
	EndGlobalSection
	GlobalSection(ProjectConfigurationPlatforms) = postSolution
		{30C9DA3D-47BF-429C-8925-0F03F9DB624A}.Debug|iPhoneSimulator.ActiveCfg = Debug|iPhoneSimulator
		{30C9DA3D-47BF-429C-8925-0F03F9DB624A}.Debug|iPhoneSimulator.Build.0 = Debug|iPhoneSimulator
		{30C9DA3D-47BF-429C-8925-0F03F9DB624A}.Release|iPhone.ActiveCfg = Release|iPhone
		{30C9DA3D-47BF-429C-8925-0F03F9DB624A}.Release|iPhone.Build.0 = Release|iPhone
		{30C9DA3D-47BF-429C-8925-0F03F9DB624A}.Release|iPhoneSimulator.ActiveCfg = Release|iPhoneSimulator
		{30C9DA3D-47BF-429C-8925-0F03F9DB624A}.Release|iPhoneSimulator.Build.0 = Release|iPhoneSimulator
		{30C9DA3D-47BF-429C-8925-0F03F9DB624A}.Debug|iPhone.ActiveCfg = Debug|iPhone
		{30C9DA3D-47BF-429C-8925-0F03F9DB624A}.Debug|iPhone.Build.0 = Debug|iPhone
		{30C9DA3D-47BF-429C-8925-0F03F9DB624A}.Debug|Any CPU.ActiveCfg = Debug|iPhoneSimulator
		{30C9DA3D-47BF-429C-8925-0F03F9DB624A}.Debug|Any CPU.Build.0 = Debug|iPhoneSimulator
		{30C9DA3D-47BF-429C-8925-0F03F9DB624A}.Release|Any CPU.ActiveCfg = Release|iPhone
		{30C9DA3D-47BF-429C-8925-0F03F9DB624A}.Release|Any CPU.Build.0 = Release|iPhone
		{3795555B-8DB7-4B4C-ADF8-14DB785831F9}.Debug|iPhoneSimulator.ActiveCfg = Debug|Any CPU
		{3795555B-8DB7-4B4C-ADF8-14DB785831F9}.Debug|iPhoneSimulator.Build.0 = Debug|Any CPU
		{3795555B-8DB7-4B4C-ADF8-14DB785831F9}.Release|iPhone.ActiveCfg = Release|Any CPU
		{3795555B-8DB7-4B4C-ADF8-14DB785831F9}.Release|iPhone.Build.0 = Release|Any CPU
		{3795555B-8DB7-4B4C-ADF8-14DB785831F9}.Release|iPhoneSimulator.ActiveCfg = Release|Any CPU
		{3795555B-8DB7-4B4C-ADF8-14DB785831F9}.Release|iPhoneSimulator.Build.0 = Release|Any CPU
		{3795555B-8DB7-4B4C-ADF8-14DB785831F9}.Debug|iPhone.ActiveCfg = Debug|Any CPU
		{3795555B-8DB7-4B4C-ADF8-14DB785831F9}.Debug|iPhone.Build.0 = Debug|Any CPU
		{3795555B-8DB7-4B4C-ADF8-14DB785831F9}.Debug|Any CPU.ActiveCfg = Debug|Any CPU
		{3795555B-8DB7-4B4C-ADF8-14DB785831F9}.Debug|Any CPU.Build.0 = Debug|Any CPU
		{3795555B-8DB7-4B4C-ADF8-14DB785831F9}.Release|Any CPU.ActiveCfg = Release|Any CPU
		{3795555B-8DB7-4B4C-ADF8-14DB785831F9}.Release|Any CPU.Build.0 = Release|Any CPU
	EndGlobalSection
EndGlobal
